
Microsoft Visual Studio Solution File, Format Version 12.00
# Visual Studio Version 17
VisualStudioVersion = 17.14.36109.1 d17.14
MinimumVisualStudioVersion = 10.0.40219.1
Project("{FAE04EC0-301F-11D3-BF4B-00C04F79EFBC}") = "Dungeon", "Dungeon\Dungeon.csproj", "{FB23C67C-7414-4731-9C80-2FA020C9622B}"
EndProject
Global
	GlobalSection(SolutionConfigurationPlatforms) = preSolution
		Debug|Any CPU = Debug|Any CPU
		Release|Any CPU = Release|Any CPU
	EndGlobalSection
	GlobalSection(ProjectConfigurationPlatforms) = postSolution
		{FB23C67C-7414-4731-9C80-2FA020C9622B}.Debug|Any CPU.ActiveCfg = Debug|Any CPU
		{FB23C67C-7414-4731-9C80-2FA020C9622B}.Debug|Any CPU.Build.0 = Debug|Any CPU
		{FB23C67C-7414-4731-9C80-2FA020C9622B}.Release|Any CPU.ActiveCfg = Release|Any CPU
		{FB23C67C-7414-4731-9C80-2FA020C9622B}.Release|Any CPU.Build.0 = Release|Any CPU
	EndGlobalSection
	GlobalSection(SolutionProperties) = preSolution
		HideSolutionNode = FALSE
	EndGlobalSection
	GlobalSection(ExtensibilityGlobals) = postSolution
		SolutionGuid = {1D537F35-DB78-4A74-A7BF-9087E360B240}
	EndGlobalSection
EndGlobal
